
Microsoft Visual Studio Solution File, Format Version 12.00
# Visual Studio 14
VisualStudioVersion = 14.0.25420.1
MinimumVisualStudioVersion = 10.0.40219.1
Project("{FAE04EC0-301F-11D3-BF4B-00C04F79EFBC}") = "MVCCMS.NET.Web", "MVCCMS.NET.Web\MVCCMS.NET.Web.csproj", "{3F39A050-1C28-450B-8FCD-E3F391D07F3E}"
EndProject
Project("{FAE04EC0-301F-11D3-BF4B-00C04F79EFBC}") = "MVCCMS.NET.Com", "MVCCMS.NET.Com\MVCCMS.NET.Com.csproj", "{8733A3DD-C9E8-4E30-A5BC-B11C209ECE7A}"
EndProject
Project("{FAE04EC0-301F-11D3-BF4B-00C04F79EFBC}") = "MVCCMS.NET.Dal", "MVCCMS.NET.Dal\MVCCMS.NET.Dal.csproj", "{83AB439D-EA2E-44D5-878F-1B3E2BD719C0}"
EndProject
Project("{FAE04EC0-301F-11D3-BF4B-00C04F79EFBC}") = "MVCCMS.NET.Model", "MVCCMS.NET.Model\MVCCMS.NET.Model.csproj", "{194B2A76-EDEC-4439-A9D4-2093C309C6A1}"
EndProject
Project("{FAE04EC0-301F-11D3-BF4B-00C04F79EFBC}") = "MVCCMS.NET.Filter", "MVCCMS.NET.Filter\MVCCMS.NET.Filter.csproj", "{27AA9965-F1A5-41D1-ABA2-17766188782C}"
EndProject
Global
	GlobalSection(SolutionConfigurationPlatforms) = preSolution
		Debug|Any CPU = Debug|Any CPU
		Release|Any CPU = Release|Any CPU
	EndGlobalSection
	GlobalSection(ProjectConfigurationPlatforms) = postSolution
		{3F39A050-1C28-450B-8FCD-E3F391D07F3E}.Debug|Any CPU.ActiveCfg = Debug|Any CPU
		{3F39A050-1C28-450B-8FCD-E3F391D07F3E}.Debug|Any CPU.Build.0 = Debug|Any CPU
		{3F39A050-1C28-450B-8FCD-E3F391D07F3E}.Release|Any CPU.ActiveCfg = Release|Any CPU
		{3F39A050-1C28-450B-8FCD-E3F391D07F3E}.Release|Any CPU.Build.0 = Release|Any CPU
		{8733A3DD-C9E8-4E30-A5BC-B11C209ECE7A}.Debug|Any CPU.ActiveCfg = Debug|Any CPU
		{8733A3DD-C9E8-4E30-A5BC-B11C209ECE7A}.Debug|Any CPU.Build.0 = Debug|Any CPU
		{8733A3DD-C9E8-4E30-A5BC-B11C209ECE7A}.Release|Any CPU.ActiveCfg = Release|Any CPU
		{8733A3DD-C9E8-4E30-A5BC-B11C209ECE7A}.Release|Any CPU.Build.0 = Release|Any CPU
		{83AB439D-EA2E-44D5-878F-1B3E2BD719C0}.Debug|Any CPU.ActiveCfg = Debug|Any CPU
		{83AB439D-EA2E-44D5-878F-1B3E2BD719C0}.Debug|Any CPU.Build.0 = Debug|Any CPU
		{83AB439D-EA2E-44D5-878F-1B3E2BD719C0}.Release|Any CPU.ActiveCfg = Release|Any CPU
		{83AB439D-EA2E-44D5-878F-1B3E2BD719C0}.Release|Any CPU.Build.0 = Release|Any CPU
		{194B2A76-EDEC-4439-A9D4-2093C309C6A1}.Debug|Any CPU.ActiveCfg = Debug|Any CPU
		{194B2A76-EDEC-4439-A9D4-2093C309C6A1}.Debug|Any CPU.Build.0 = Debug|Any CPU
		{194B2A76-EDEC-4439-A9D4-2093C309C6A1}.Release|Any CPU.ActiveCfg = Release|Any CPU
		{194B2A76-EDEC-4439-A9D4-2093C309C6A1}.Release|Any CPU.Build.0 = Release|Any CPU
		{27AA9965-F1A5-41D1-ABA2-17766188782C}.Debug|Any CPU.ActiveCfg = Debug|Any CPU
		{27AA9965-F1A5-41D1-ABA2-17766188782C}.Debug|Any CPU.Build.0 = Debug|Any CPU
		{27AA9965-F1A5-41D1-ABA2-17766188782C}.Release|Any CPU.ActiveCfg = Release|Any CPU
		{27AA9965-F1A5-41D1-ABA2-17766188782C}.Release|Any CPU.Build.0 = Release|Any CPU
	EndGlobalSection
	GlobalSection(SolutionProperties) = preSolution
		HideSolutionNode = FALSE
	EndGlobalSection
EndGlobal
